# This file is automatically @generated by Cargo.
# It is not intended for manual editing.
version = 4

[[package]]
name = "coreshift-core"
version = "1.2.13"
source = "registry+https://github.com/rust-lang/crates.io-index"
checksum = "40ebd0011ccc72e11c74600c78f831b8f3f81f80ece51d4fe0abf1876608fbf7"
dependencies = [
 "libc",
]

[[package]]
name = "coreshift-foreground"
version = "0.1.6"
source = "registry+https://github.com/rust-lang/crates.io-index"
checksum = "617a47b463ac7c9bf66f16663b27847e1cd462fbdcb8cbf494c3614ead29a17d"
dependencies = [
 "coreshift-core",
]

[[package]]
name = "libc"
version = "0.2.186"
source = "registry+https://github.com/rust-lang/crates.io-index"
checksum = "68ab91017fe16c622486840e4c83c9a37afeff978bd239b5293d61ece587de66"

[[package]]
name = "utensil"
version = "0.1.2"
dependencies = [
 "coreshift-core",
 "coreshift-foreground",
]
